
Microsoft Visual Studio Solution File, Format Version 12.00
# Visual Studio Version 16
VisualStudioVersion = 16.0.30907.101
MinimumVisualStudioVersion = 10.0.40219.1
Project("{FAE04EC0-301F-11D3-BF4B-00C04F79EFBC}") = "ReportFromXmlAndTxt", "ReportFromXmlAndTxt\ReportFromXmlAndTxt.csproj", "{DEC40FFB-3A2A-410B-953C-9A557F75761A}"
EndProject
Global
	GlobalSection(SolutionConfigurationPlatforms) = preSolution
		Debug|Any CPU = Debug|Any CPU
		Release|Any CPU = Release|Any CPU
	EndGlobalSection
	GlobalSection(ProjectConfigurationPlatforms) = postSolution
		{DEC40FFB-3A2A-410B-953C-9A557F75761A}.Debug|Any CPU.ActiveCfg = Debug|Any CPU
		{DEC40FFB-3A2A-410B-953C-9A557F75761A}.Debug|Any CPU.Build.0 = Debug|Any CPU
		{DEC40FFB-3A2A-410B-953C-9A557F75761A}.Release|Any CPU.ActiveCfg = Release|Any CPU
		{DEC40FFB-3A2A-410B-953C-9A557F75761A}.Release|Any CPU.Build.0 = Release|Any CPU
	EndGlobalSection
	GlobalSection(SolutionProperties) = preSolution
		HideSolutionNode = FALSE
	EndGlobalSection
	GlobalSection(ExtensibilityGlobals) = postSolution
		SolutionGuid = {610462D4-8A80-4E9F-9CC7-C14220622186}
	EndGlobalSection
EndGlobal
